
Microsoft Visual Studio Solution File, Format Version 12.00
# Visual Studio Version 17
VisualStudioVersion = 17.9.34728.123
MinimumVisualStudioVersion = 10.0.40219.1
Project("{FAE04EC0-301F-11D3-BF4B-00C04F79EFBC}") = "Home", "Home\Home.csproj", "{1C6BA4CF-F841-466C-A064-CA8C7D7AE630}"
EndProject
Global
	GlobalSection(SolutionConfigurationPlatforms) = preSolution
		Debug|Any CPU = Debug|Any CPU
		Release|Any CPU = Release|Any CPU
	EndGlobalSection
	GlobalSection(ProjectConfigurationPlatforms) = postSolution
		{1C6BA4CF-F841-466C-A064-CA8C7D7AE630}.Debug|Any CPU.ActiveCfg = Debug|Any CPU
		{1C6BA4CF-F841-466C-A064-CA8C7D7AE630}.Debug|Any CPU.Build.0 = Debug|Any CPU
		{1C6BA4CF-F841-466C-A064-CA8C7D7AE630}.Release|Any CPU.ActiveCfg = Release|Any CPU
		{1C6BA4CF-F841-466C-A064-CA8C7D7AE630}.Release|Any CPU.Build.0 = Release|Any CPU
	EndGlobalSection
	GlobalSection(SolutionProperties) = preSolution
		HideSolutionNode = FALSE
	EndGlobalSection
	GlobalSection(ExtensibilityGlobals) = postSolution
		SolutionGuid = {A7B1CA34-9060-4FA0-9C37-D5A9ACA8502F}
	EndGlobalSection
EndGlobal
